
Microsoft Visual Studio Solution File, Format Version 11.00
# Visual Studio 2010
# SharpDevelop 5.1
Project("{FAE04EC0-301F-11D3-BF4B-00C04F79EFBC}") = "ejemplo", "ejemplo\ejemplo.csproj", "{02EB0C6B-EDC3-42B3-AF61-C1D422D70E8B}"
EndProject
Global
	GlobalSection(SolutionConfigurationPlatforms) = preSolution
		Debug|Any CPU = Debug|Any CPU
		Release|Any CPU = Release|Any CPU
	EndGlobalSection
	GlobalSection(ProjectConfigurationPlatforms) = postSolution
		{02EB0C6B-EDC3-42B3-AF61-C1D422D70E8B}.Debug|Any CPU.ActiveCfg = Debug|Any CPU
		{02EB0C6B-EDC3-42B3-AF61-C1D422D70E8B}.Debug|Any CPU.Build.0 = Debug|Any CPU
		{02EB0C6B-EDC3-42B3-AF61-C1D422D70E8B}.Release|Any CPU.ActiveCfg = Release|Any CPU
		{02EB0C6B-EDC3-42B3-AF61-C1D422D70E8B}.Release|Any CPU.Build.0 = Release|Any CPU
	EndGlobalSection
EndGlobal
